
Microsoft Visual Studio Solution File, Format Version 12.00
# Visual Studio Version 17
VisualStudioVersion = 17.3.32819.101
MinimumVisualStudioVersion = 10.0.40219.1
Project("{FAE04EC0-301F-11D3-BF4B-00C04F79EFBC}") = "SD EXIF Editor", "SD EXIF Editor\SD EXIF Editor.csproj", "{46F069B4-DA1C-4385-95EF-C2017FA93284}"
EndProject
Global
	GlobalSection(SolutionConfigurationPlatforms) = preSolution
		Debug|Any CPU = Debug|Any CPU
		Release|Any CPU = Release|Any CPU
	EndGlobalSection
	GlobalSection(ProjectConfigurationPlatforms) = postSolution
		{46F069B4-DA1C-4385-95EF-C2017FA93284}.Debug|Any CPU.ActiveCfg = Debug|Any CPU
		{46F069B4-DA1C-4385-95EF-C2017FA93284}.Debug|Any CPU.Build.0 = Debug|Any CPU
		{46F069B4-DA1C-4385-95EF-C2017FA93284}.Release|Any CPU.ActiveCfg = Release|Any CPU
		{46F069B4-DA1C-4385-95EF-C2017FA93284}.Release|Any CPU.Build.0 = Release|Any CPU
	EndGlobalSection
	GlobalSection(SolutionProperties) = preSolution
		HideSolutionNode = FALSE
	EndGlobalSection
	GlobalSection(ExtensibilityGlobals) = postSolution
		SolutionGuid = {81941D95-A30B-4755-9101-C25EB1686585}
	EndGlobalSection
EndGlobal
